
Microsoft Visual Studio Solution File, Format Version 12.00
# Visual Studio Version 17
VisualStudioVersion = 17.10.35122.118
MinimumVisualStudioVersion = 10.0.40219.1
Project("{9A19103F-16F7-4668-BE54-9A1E7A4F7556}") = "SnakeGame", "SnakeGame.csproj", "{CE9430C0-3333-48BC-9BDC-20FA41A38F11}"
EndProject
Project("{2150E333-8FDC-42A3-9474-1A3956D46DE8}") = "Elementy rozwiązania", "Elementy rozwiązania", "{0E54AD28-8788-437E-BBEE-0293FF1F7EE8}"
EndProject
Global
	GlobalSection(SolutionConfigurationPlatforms) = preSolution
		Debug|Any CPU = Debug|Any CPU
		Release|Any CPU = Release|Any CPU
	EndGlobalSection
	GlobalSection(ProjectConfigurationPlatforms) = postSolution
		{CE9430C0-3333-48BC-9BDC-20FA41A38F11}.Debug|Any CPU.ActiveCfg = Debug|Any CPU
		{CE9430C0-3333-48BC-9BDC-20FA41A38F11}.Debug|Any CPU.Build.0 = Debug|Any CPU
		{CE9430C0-3333-48BC-9BDC-20FA41A38F11}.Release|Any CPU.ActiveCfg = Release|Any CPU
		{CE9430C0-3333-48BC-9BDC-20FA41A38F11}.Release|Any CPU.Build.0 = Release|Any CPU
	EndGlobalSection
	GlobalSection(SolutionProperties) = preSolution
		HideSolutionNode = FALSE
	EndGlobalSection
	GlobalSection(ExtensibilityGlobals) = postSolution
		SolutionGuid = {0A8ADE6F-C7B8-446E-9E7B-B8F7FDAD9617}
	EndGlobalSection
EndGlobal
